
Microsoft Visual Studio Solution File, Format Version 12.00
# Visual Studio Version 17
VisualStudioVersion = 17.11.35222.181
MinimumVisualStudioVersion = 10.0.40219.1
Project("{FAE04EC0-301F-11D3-BF4B-00C04F79EFBC}") = "DemoMVVMWithoutToolkit", "DemoMVVMWithoutToolkit\DemoMVVMWithoutToolkit.csproj", "{4E4CBF41-D8D7-48AB-8C9D-33CA8B286249}"
EndProject
Global
	GlobalSection(SolutionConfigurationPlatforms) = preSolution
		Debug|Any CPU = Debug|Any CPU
		Release|Any CPU = Release|Any CPU
	EndGlobalSection
	GlobalSection(ProjectConfigurationPlatforms) = postSolution
		{4E4CBF41-D8D7-48AB-8C9D-33CA8B286249}.Debug|Any CPU.ActiveCfg = Debug|Any CPU
		{4E4CBF41-D8D7-48AB-8C9D-33CA8B286249}.Debug|Any CPU.Build.0 = Debug|Any CPU
		{4E4CBF41-D8D7-48AB-8C9D-33CA8B286249}.Debug|Any CPU.Deploy.0 = Debug|Any CPU
		{4E4CBF41-D8D7-48AB-8C9D-33CA8B286249}.Release|Any CPU.ActiveCfg = Release|Any CPU
		{4E4CBF41-D8D7-48AB-8C9D-33CA8B286249}.Release|Any CPU.Build.0 = Release|Any CPU
		{4E4CBF41-D8D7-48AB-8C9D-33CA8B286249}.Release|Any CPU.Deploy.0 = Release|Any CPU
	EndGlobalSection
	GlobalSection(SolutionProperties) = preSolution
		HideSolutionNode = FALSE
	EndGlobalSection
	GlobalSection(ExtensibilityGlobals) = postSolution
		SolutionGuid = {A8E385FF-20D9-464B-85B7-CE13CA5F4982}
	EndGlobalSection
EndGlobal
